
Microsoft Visual Studio Solution File, Format Version 12.00
# Visual Studio 15
VisualStudioVersion = 15.0.28010.2050
MinimumVisualStudioVersion = 10.0.40219.1
Project("{9A19103F-16F7-4668-BE54-9A1E7A4F7556}") = "CastleWindsor", "CastleWindsor\CastleWindsor.csproj", "{074C3E7E-5F2C-4216-801C-D2898DA7E17E}"
EndProject
Project("{9A19103F-16F7-4668-BE54-9A1E7A4F7556}") = "AutofacProject", "AutofacProject\AutofacProject.csproj", "{DE4AFEC0-F195-4C60-A6AC-5978D45BB4CE}"
EndProject
Project("{FAE04EC0-301F-11D3-BF4B-00C04F79EFBC}") = "FristCoreProject", "FristCoreProject\FristCoreProject.csproj", "{DA133E7C-A68A-4069-8297-D8964F3735AB}"
EndProject
Project("{9A19103F-16F7-4668-BE54-9A1E7A4F7556}") = "FristCoreProject2.0", "FristCoreProject2.0\FristCoreProject2.0.csproj", "{A8325BC1-C636-45E9-92DF-2D321086426E}"
EndProject
Project("{9A19103F-16F7-4668-BE54-9A1E7A4F7556}") = "NPinyin", "PinYin\NPinyin.csproj", "{BBD73D4E-1E52-4DD6-A3FF-E372532BF2B5}"
EndProject
Project("{9A19103F-16F7-4668-BE54-9A1E7A4F7556}") = "LinqFunctionTest", "LinqFunctionTest\LinqFunctionTest.csproj", "{510CCC66-BAF1-440C-8490-F3308DAF1D04}"
EndProject
Project("{FAE04EC0-301F-11D3-BF4B-00C04F79EFBC}") = "DataTableExcept", "DataTableExcept\DataTableExcept.csproj", "{48E00272-ABAB-4BD2-930D-F413EFE1982F}"
EndProject
Project("{9A19103F-16F7-4668-BE54-9A1E7A4F7556}") = "SignalRTest", "SignalRTest\SignalRTest.csproj", "{989A8034-4963-416A-B24E-0BE0FBB4F643}"
EndProject
Project("{9A19103F-16F7-4668-BE54-9A1E7A4F7556}") = "JieBa", "JieBa\JieBa.csproj", "{758B5C92-7680-47CE-982E-247BD827BEAC}"
EndProject
Project("{9A19103F-16F7-4668-BE54-9A1E7A4F7556}") = "IdentityTest", "IdentityTest\IdentityTest.csproj", "{DBC38B12-6D7E-4CA7-9FC3-F46B5F56CC8C}"
EndProject
Project("{9A19103F-16F7-4668-BE54-9A1E7A4F7556}") = "IdentityS4", "IdentityS4\IdentityS4.csproj", "{5CF940F6-414C-4EA8-9798-E7FA663B16F2}"
EndProject
Project("{2150E333-8FDC-42A3-9474-1A3956D46DE8}") = "Identity4", "Identity4", "{CFC2785B-A339-4D27-B21E-28C308C5CE0C}"
EndProject
Project("{9A19103F-16F7-4668-BE54-9A1E7A4F7556}") = "MvcClient", "MvcClient\MvcClient.csproj", "{7F339730-0613-4E66-8D8B-9422E6643906}"
EndProject
Project("{FAE04EC0-301F-11D3-BF4B-00C04F79EFBC}") = "MvcClient2", "MvcClient2\MvcClient2.csproj", "{556070F5-7213-4C19-BD3E-826E57B3E6CF}"
EndProject
Project("{9A19103F-16F7-4668-BE54-9A1E7A4F7556}") = "DockerNetCoreTest", "DockerNetCoreTest\DockerNetCoreTest.csproj", "{FADF6EC7-F50A-4DD2-894D-474BE34B1A50}"
EndProject
Project("{9A19103F-16F7-4668-BE54-9A1E7A4F7556}") = "MySqlCodeFrist", "MySqlCodeFrist\MySqlCodeFrist.csproj", "{9C6A4F56-8DE6-443F-9785-B10AC3BD5CCA}"
EndProject
Project("{9A19103F-16F7-4668-BE54-9A1E7A4F7556}") = "MySqlCodeFristConsole", "MySqlCodeFristConsole\MySqlCodeFristConsole.csproj", "{95C4AEBE-E985-4B96-BE7E-E039F0B720D1}"
EndProject
Project("{9A19103F-16F7-4668-BE54-9A1E7A4F7556}") = "MLNetTest", "MLNetTest\MLNetTest.csproj", "{68E71377-DE29-48D0-9658-58498F1C204D}"
EndProject
Project("{9A19103F-16F7-4668-BE54-9A1E7A4F7556}") = "Temporary", "Temporary\Temporary.csproj", "{D7C671E2-E283-49B4-80A9-1DC52E2CBA8E}"
EndProject
Project("{9A19103F-16F7-4668-BE54-9A1E7A4F7556}") = "ExceptionlessTest", "ExceptionlessTest\ExceptionlessTest.csproj", "{AF6BCC8C-0A73-4502-B185-15B99B84F38B}"
EndProject
Project("{9A19103F-16F7-4668-BE54-9A1E7A4F7556}") = "ThreadTest", "TreadTest\ThreadTest.csproj", "{0EBED6A9-5554-46E0-A346-F640F3AD24DE}"
EndProject
Project("{9A19103F-16F7-4668-BE54-9A1E7A4F7556}") = "OOP", "OOP\OOP.csproj", "{ECA0CAC3-DC4F-4560-AE65-9232082E8440}"
EndProject
Project("{9A19103F-16F7-4668-BE54-9A1E7A4F7556}") = "MySqlTest", "MySqlTest\MySqlTest.csproj", "{E7255575-F7F7-492E-99C8-50FC7777E54C}"
EndProject
Project("{9A19103F-16F7-4668-BE54-9A1E7A4F7556}") = "ComparerTest", "ComparerTest\ComparerTest.csproj", "{3690C9CC-11D4-4B4F-A8B9-B808A2E24B5D}"
EndProject
Project("{9A19103F-16F7-4668-BE54-9A1E7A4F7556}") = "Entrust", "Entrust\Entrust.csproj", "{5B5C280D-4B14-452A-BB51-46337B829D0A}"
EndProject
Project("{9A19103F-16F7-4668-BE54-9A1E7A4F7556}") = "SyntacticSugar", "SyntacticSugar\SyntacticSugar.csproj", "{E983AB19-ED59-4740-BD13-A7FFC0363CD3}"
EndProject
Project("{9A19103F-16F7-4668-BE54-9A1E7A4F7556}") = "RabbitmqSend", "RabbitmqSend\RabbitmqSend.csproj", "{193978DA-10C9-409B-A13C-0E800C0503AC}"
EndProject
Project("{9A19103F-16F7-4668-BE54-9A1E7A4F7556}") = "RabbitmqReceive", "RabbitmqReceive\RabbitmqReceive.csproj", "{2C33F9F2-0BFC-47E8-9AF9-36A6120E04B1}"
EndProject
Project("{FAE04EC0-301F-11D3-BF4B-00C04F79EFBC}") = "Extend", "Extend\Extend.csproj", "{0A3377A9-654D-4994-8C14-7F2EFA06F51E}"
EndProject
Global
	GlobalSection(SolutionConfigurationPlatforms) = preSolution
		Debug|Any CPU = Debug|Any CPU
		Release|Any CPU = Release|Any CPU
	EndGlobalSection
	GlobalSection(ProjectConfigurationPlatforms) = postSolution
		{074C3E7E-5F2C-4216-801C-D2898DA7E17E}.Debug|Any CPU.ActiveCfg = Debug|Any CPU
		{074C3E7E-5F2C-4216-801C-D2898DA7E17E}.Debug|Any CPU.Build.0 = Debug|Any CPU
		{074C3E7E-5F2C-4216-801C-D2898DA7E17E}.Release|Any CPU.ActiveCfg = Release|Any CPU
		{074C3E7E-5F2C-4216-801C-D2898DA7E17E}.Release|Any CPU.Build.0 = Release|Any CPU
		{DE4AFEC0-F195-4C60-A6AC-5978D45BB4CE}.Debug|Any CPU.ActiveCfg = Debug|Any CPU
		{DE4AFEC0-F195-4C60-A6AC-5978D45BB4CE}.Debug|Any CPU.Build.0 = Debug|Any CPU
		{DE4AFEC0-F195-4C60-A6AC-5978D45BB4CE}.Release|Any CPU.ActiveCfg = Release|Any CPU
		{DE4AFEC0-F195-4C60-A6AC-5978D45BB4CE}.Release|Any CPU.Build.0 = Release|Any CPU
		{DA133E7C-A68A-4069-8297-D8964F3735AB}.Debug|Any CPU.ActiveCfg = Debug|Any CPU
		{DA133E7C-A68A-4069-8297-D8964F3735AB}.Debug|Any CPU.Build.0 = Debug|Any CPU
		{DA133E7C-A68A-4069-8297-D8964F3735AB}.Release|Any CPU.ActiveCfg = Release|Any CPU
		{DA133E7C-A68A-4069-8297-D8964F3735AB}.Release|Any CPU.Build.0 = Release|Any CPU
		{A8325BC1-C636-45E9-92DF-2D321086426E}.Debug|Any CPU.ActiveCfg = Debug|Any CPU
		{A8325BC1-C636-45E9-92DF-2D321086426E}.Debug|Any CPU.Build.0 = Debug|Any CPU
		{A8325BC1-C636-45E9-92DF-2D321086426E}.Release|Any CPU.ActiveCfg = Release|Any CPU
		{A8325BC1-C636-45E9-92DF-2D321086426E}.Release|Any CPU.Build.0 = Release|Any CPU
		{BBD73D4E-1E52-4DD6-A3FF-E372532BF2B5}.Debug|Any CPU.ActiveCfg = Debug|Any CPU
		{BBD73D4E-1E52-4DD6-A3FF-E372532BF2B5}.Debug|Any CPU.Build.0 = Debug|Any CPU
		{BBD73D4E-1E52-4DD6-A3FF-E372532BF2B5}.Release|Any CPU.ActiveCfg = Release|Any CPU
		{BBD73D4E-1E52-4DD6-A3FF-E372532BF2B5}.Release|Any CPU.Build.0 = Release|Any CPU
		{510CCC66-BAF1-440C-8490-F3308DAF1D04}.Debug|Any CPU.ActiveCfg = Debug|Any CPU
		{510CCC66-BAF1-440C-8490-F3308DAF1D04}.Debug|Any CPU.Build.0 = Debug|Any CPU
		{510CCC66-BAF1-440C-8490-F3308DAF1D04}.Release|Any CPU.ActiveCfg = Release|Any CPU
		{510CCC66-BAF1-440C-8490-F3308DAF1D04}.Release|Any CPU.Build.0 = Release|Any CPU
		{48E00272-ABAB-4BD2-930D-F413EFE1982F}.Debug|Any CPU.ActiveCfg = Debug|Any CPU
		{48E00272-ABAB-4BD2-930D-F413EFE1982F}.Debug|Any CPU.Build.0 = Debug|Any CPU
		{48E00272-ABAB-4BD2-930D-F413EFE1982F}.Release|Any CPU.ActiveCfg = Release|Any CPU
		{48E00272-ABAB-4BD2-930D-F413EFE1982F}.Release|Any CPU.Build.0 = Release|Any CPU
		{989A8034-4963-416A-B24E-0BE0FBB4F643}.Debug|Any CPU.ActiveCfg = Debug|Any CPU
		{989A8034-4963-416A-B24E-0BE0FBB4F643}.Debug|Any CPU.Build.0 = Debug|Any CPU
		{989A8034-4963-416A-B24E-0BE0FBB4F643}.Release|Any CPU.ActiveCfg = Release|Any CPU
		{989A8034-4963-416A-B24E-0BE0FBB4F643}.Release|Any CPU.Build.0 = Release|Any CPU
		{758B5C92-7680-47CE-982E-247BD827BEAC}.Debug|Any CPU.ActiveCfg = Debug|Any CPU
		{758B5C92-7680-47CE-982E-247BD827BEAC}.Debug|Any CPU.Build.0 = Debug|Any CPU
		{758B5C92-7680-47CE-982E-247BD827BEAC}.Release|Any CPU.ActiveCfg = Release|Any CPU
		{758B5C92-7680-47CE-982E-247BD827BEAC}.Release|Any CPU.Build.0 = Release|Any CPU
		{DBC38B12-6D7E-4CA7-9FC3-F46B5F56CC8C}.Debug|Any CPU.ActiveCfg = Debug|Any CPU
		{DBC38B12-6D7E-4CA7-9FC3-F46B5F56CC8C}.Debug|Any CPU.Build.0 = Debug|Any CPU
		{DBC38B12-6D7E-4CA7-9FC3-F46B5F56CC8C}.Release|Any CPU.ActiveCfg = Release|Any CPU
		{DBC38B12-6D7E-4CA7-9FC3-F46B5F56CC8C}.Release|Any CPU.Build.0 = Release|Any CPU
		{5CF940F6-414C-4EA8-9798-E7FA663B16F2}.Debug|Any CPU.ActiveCfg = Debug|Any CPU
		{5CF940F6-414C-4EA8-9798-E7FA663B16F2}.Debug|Any CPU.Build.0 = Debug|Any CPU
		{5CF940F6-414C-4EA8-9798-E7FA663B16F2}.Release|Any CPU.ActiveCfg = Release|Any CPU
		{5CF940F6-414C-4EA8-9798-E7FA663B16F2}.Release|Any CPU.Build.0 = Release|Any CPU
		{7F339730-0613-4E66-8D8B-9422E6643906}.Debug|Any CPU.ActiveCfg = Debug|Any CPU
		{7F339730-0613-4E66-8D8B-9422E6643906}.Debug|Any CPU.Build.0 = Debug|Any CPU
		{7F339730-0613-4E66-8D8B-9422E6643906}.Release|Any CPU.ActiveCfg = Release|Any CPU
		{7F339730-0613-4E66-8D8B-9422E6643906}.Release|Any CPU.Build.0 = Release|Any CPU
		{556070F5-7213-4C19-BD3E-826E57B3E6CF}.Debug|Any CPU.ActiveCfg = Debug|Any CPU
		{556070F5-7213-4C19-BD3E-826E57B3E6CF}.Debug|Any CPU.Build.0 = Debug|Any CPU
		{556070F5-7213-4C19-BD3E-826E57B3E6CF}.Release|Any CPU.ActiveCfg = Release|Any CPU
		{556070F5-7213-4C19-BD3E-826E57B3E6CF}.Release|Any CPU.Build.0 = Release|Any CPU
		{FADF6EC7-F50A-4DD2-894D-474BE34B1A50}.Debug|Any CPU.ActiveCfg = Debug|Any CPU
		{FADF6EC7-F50A-4DD2-894D-474BE34B1A50}.Debug|Any CPU.Build.0 = Debug|Any CPU
		{FADF6EC7-F50A-4DD2-894D-474BE34B1A50}.Release|Any CPU.ActiveCfg = Release|Any CPU
		{FADF6EC7-F50A-4DD2-894D-474BE34B1A50}.Release|Any CPU.Build.0 = Release|Any CPU
		{9C6A4F56-8DE6-443F-9785-B10AC3BD5CCA}.Debug|Any CPU.ActiveCfg = Debug|Any CPU
		{9C6A4F56-8DE6-443F-9785-B10AC3BD5CCA}.Debug|Any CPU.Build.0 = Debug|Any CPU
		{9C6A4F56-8DE6-443F-9785-B10AC3BD5CCA}.Release|Any CPU.ActiveCfg = Release|Any CPU
		{9C6A4F56-8DE6-443F-9785-B10AC3BD5CCA}.Release|Any CPU.Build.0 = Release|Any CPU
		{95C4AEBE-E985-4B96-BE7E-E039F0B720D1}.Debug|Any CPU.ActiveCfg = Debug|Any CPU
		{95C4AEBE-E985-4B96-BE7E-E039F0B720D1}.Debug|Any CPU.Build.0 = Debug|Any CPU
		{95C4AEBE-E985-4B96-BE7E-E039F0B720D1}.Release|Any CPU.ActiveCfg = Release|Any CPU
		{95C4AEBE-E985-4B96-BE7E-E039F0B720D1}.Release|Any CPU.Build.0 = Release|Any CPU
		{68E71377-DE29-48D0-9658-58498F1C204D}.Debug|Any CPU.ActiveCfg = Debug|Any CPU
		{68E71377-DE29-48D0-9658-58498F1C204D}.Debug|Any CPU.Build.0 = Debug|Any CPU
		{68E71377-DE29-48D0-9658-58498F1C204D}.Release|Any CPU.ActiveCfg = Release|Any CPU
		{68E71377-DE29-48D0-9658-58498F1C204D}.Release|Any CPU.Build.0 = Release|Any CPU
		{D7C671E2-E283-49B4-80A9-1DC52E2CBA8E}.Debug|Any CPU.ActiveCfg = Debug|Any CPU
		{D7C671E2-E283-49B4-80A9-1DC52E2CBA8E}.Debug|Any CPU.Build.0 = Debug|Any CPU
		{D7C671E2-E283-49B4-80A9-1DC52E2CBA8E}.Release|Any CPU.ActiveCfg = Release|Any CPU
		{D7C671E2-E283-49B4-80A9-1DC52E2CBA8E}.Release|Any CPU.Build.0 = Release|Any CPU
		{AF6BCC8C-0A73-4502-B185-15B99B84F38B}.Debug|Any CPU.ActiveCfg = Debug|Any CPU
		{AF6BCC8C-0A73-4502-B185-15B99B84F38B}.Debug|Any CPU.Build.0 = Debug|Any CPU
		{AF6BCC8C-0A73-4502-B185-15B99B84F38B}.Release|Any CPU.ActiveCfg = Release|Any CPU
		{AF6BCC8C-0A73-4502-B185-15B99B84F38B}.Release|Any CPU.Build.0 = Release|Any CPU
		{0EBED6A9-5554-46E0-A346-F640F3AD24DE}.Debug|Any CPU.ActiveCfg = Debug|Any CPU
		{0EBED6A9-5554-46E0-A346-F640F3AD24DE}.Debug|Any CPU.Build.0 = Debug|Any CPU
		{0EBED6A9-5554-46E0-A346-F640F3AD24DE}.Release|Any CPU.ActiveCfg = Release|Any CPU
		{0EBED6A9-5554-46E0-A346-F640F3AD24DE}.Release|Any CPU.Build.0 = Release|Any CPU
		{ECA0CAC3-DC4F-4560-AE65-9232082E8440}.Debug|Any CPU.ActiveCfg = Debug|Any CPU
		{ECA0CAC3-DC4F-4560-AE65-9232082E8440}.Debug|Any CPU.Build.0 = Debug|Any CPU
		{ECA0CAC3-DC4F-4560-AE65-9232082E8440}.Release|Any CPU.ActiveCfg = Release|Any CPU
		{ECA0CAC3-DC4F-4560-AE65-9232082E8440}.Release|Any CPU.Build.0 = Release|Any CPU
		{E7255575-F7F7-492E-99C8-50FC7777E54C}.Debug|Any CPU.ActiveCfg = Debug|Any CPU
		{E7255575-F7F7-492E-99C8-50FC7777E54C}.Debug|Any CPU.Build.0 = Debug|Any CPU
		{E7255575-F7F7-492E-99C8-50FC7777E54C}.Release|Any CPU.ActiveCfg = Release|Any CPU
		{E7255575-F7F7-492E-99C8-50FC7777E54C}.Release|Any CPU.Build.0 = Release|Any CPU
		{3690C9CC-11D4-4B4F-A8B9-B808A2E24B5D}.Debug|Any CPU.ActiveCfg = Debug|Any CPU
		{3690C9CC-11D4-4B4F-A8B9-B808A2E24B5D}.Debug|Any CPU.Build.0 = Debug|Any CPU
		{3690C9CC-11D4-4B4F-A8B9-B808A2E24B5D}.Release|Any CPU.ActiveCfg = Release|Any CPU
		{3690C9CC-11D4-4B4F-A8B9-B808A2E24B5D}.Release|Any CPU.Build.0 = Release|Any CPU
		{5B5C280D-4B14-452A-BB51-46337B829D0A}.Debug|Any CPU.ActiveCfg = Debug|Any CPU
		{5B5C280D-4B14-452A-BB51-46337B829D0A}.Debug|Any CPU.Build.0 = Debug|Any CPU
		{5B5C280D-4B14-452A-BB51-46337B829D0A}.Release|Any CPU.ActiveCfg = Release|Any CPU
		{5B5C280D-4B14-452A-BB51-46337B829D0A}.Release|Any CPU.Build.0 = Release|Any CPU
		{E983AB19-ED59-4740-BD13-A7FFC0363CD3}.Debug|Any CPU.ActiveCfg = Debug|Any CPU
		{E983AB19-ED59-4740-BD13-A7FFC0363CD3}.Debug|Any CPU.Build.0 = Debug|Any CPU
		{E983AB19-ED59-4740-BD13-A7FFC0363CD3}.Release|Any CPU.ActiveCfg = Release|Any CPU
		{E983AB19-ED59-4740-BD13-A7FFC0363CD3}.Release|Any CPU.Build.0 = Release|Any CPU
		{193978DA-10C9-409B-A13C-0E800C0503AC}.Debug|Any CPU.ActiveCfg = Debug|Any CPU
		{193978DA-10C9-409B-A13C-0E800C0503AC}.Debug|Any CPU.Build.0 = Debug|Any CPU
		{193978DA-10C9-409B-A13C-0E800C0503AC}.Release|Any CPU.ActiveCfg = Release|Any CPU
		{193978DA-10C9-409B-A13C-0E800C0503AC}.Release|Any CPU.Build.0 = Release|Any CPU
		{2C33F9F2-0BFC-47E8-9AF9-36A6120E04B1}.Debug|Any CPU.ActiveCfg = Debug|Any CPU
		{2C33F9F2-0BFC-47E8-9AF9-36A6120E04B1}.Debug|Any CPU.Build.0 = Debug|Any CPU
		{2C33F9F2-0BFC-47E8-9AF9-36A6120E04B1}.Release|Any CPU.ActiveCfg = Release|Any CPU
		{2C33F9F2-0BFC-47E8-9AF9-36A6120E04B1}.Release|Any CPU.Build.0 = Release|Any CPU
		{0A3377A9-654D-4994-8C14-7F2EFA06F51E}.Debug|Any CPU.ActiveCfg = Debug|Any CPU
		{0A3377A9-654D-4994-8C14-7F2EFA06F51E}.Debug|Any CPU.Build.0 = Debug|Any CPU
		{0A3377A9-654D-4994-8C14-7F2EFA06F51E}.Release|Any CPU.ActiveCfg = Release|Any CPU
		{0A3377A9-654D-4994-8C14-7F2EFA06F51E}.Release|Any CPU.Build.0 = Release|Any CPU
	EndGlobalSection
	GlobalSection(SolutionProperties) = preSolution
		HideSolutionNode = FALSE
	EndGlobalSection
	GlobalSection(NestedProjects) = preSolution
		{5CF940F6-414C-4EA8-9798-E7FA663B16F2} = {CFC2785B-A339-4D27-B21E-28C308C5CE0C}
		{7F339730-0613-4E66-8D8B-9422E6643906} = {CFC2785B-A339-4D27-B21E-28C308C5CE0C}
		{556070F5-7213-4C19-BD3E-826E57B3E6CF} = {CFC2785B-A339-4D27-B21E-28C308C5CE0C}
	EndGlobalSection
	GlobalSection(ExtensibilityGlobals) = postSolution
		SolutionGuid = {23295993-B6BA-4D7D-A03C-3D897D016808}
	EndGlobalSection
EndGlobal
